
Microsoft Visual Studio Solution File, Format Version 12.00
# Visual Studio Version 16
VisualStudioVersion = 16.0.31424.327
MinimumVisualStudioVersion = 10.0.40219.1
Project("{FAE04EC0-301F-11D3-BF4B-00C04F79EFBC}") = "InamMotors", "InamMotors\InamMotors.csproj", "{02FCFEBF-7153-444B-B95B-BA9DD86C147E}"
EndProject
Global
	GlobalSection(SolutionConfigurationPlatforms) = preSolution
		Debug|Any CPU = Debug|Any CPU
		Release|Any CPU = Release|Any CPU
	EndGlobalSection
	GlobalSection(ProjectConfigurationPlatforms) = postSolution
		{02FCFEBF-7153-444B-B95B-BA9DD86C147E}.Debug|Any CPU.ActiveCfg = Debug|Any CPU
		{02FCFEBF-7153-444B-B95B-BA9DD86C147E}.Debug|Any CPU.Build.0 = Debug|Any CPU
		{02FCFEBF-7153-444B-B95B-BA9DD86C147E}.Release|Any CPU.ActiveCfg = Release|Any CPU
		{02FCFEBF-7153-444B-B95B-BA9DD86C147E}.Release|Any CPU.Build.0 = Release|Any CPU
	EndGlobalSection
	GlobalSection(SolutionProperties) = preSolution
		HideSolutionNode = FALSE
	EndGlobalSection
	GlobalSection(ExtensibilityGlobals) = postSolution
		SolutionGuid = {7D644B9E-615C-413D-A4F5-E1DBCAD00DBB}
	EndGlobalSection
EndGlobal
